
Microsoft Visual Studio Solution File, Format Version 12.00
# Visual Studio Version 17
VisualStudioVersion = 17.3.32811.315
MinimumVisualStudioVersion = 10.0.40219.1
Project("{FAE04EC0-301F-11D3-BF4B-00C04F79EFBC}") = "RaceSim", "RaceSim\RaceSim.csproj", "{9E32F7E0-6CC7-4FB4-987E-8113ABFD66A1}"
EndProject
Global
	GlobalSection(SolutionConfigurationPlatforms) = preSolution
		Debug|Any CPU = Debug|Any CPU
		Release|Any CPU = Release|Any CPU
	EndGlobalSection
	GlobalSection(ProjectConfigurationPlatforms) = postSolution
		{9E32F7E0-6CC7-4FB4-987E-8113ABFD66A1}.Debug|Any CPU.ActiveCfg = Debug|Any CPU
		{9E32F7E0-6CC7-4FB4-987E-8113ABFD66A1}.Debug|Any CPU.Build.0 = Debug|Any CPU
		{9E32F7E0-6CC7-4FB4-987E-8113ABFD66A1}.Release|Any CPU.ActiveCfg = Release|Any CPU
		{9E32F7E0-6CC7-4FB4-987E-8113ABFD66A1}.Release|Any CPU.Build.0 = Release|Any CPU
	EndGlobalSection
	GlobalSection(SolutionProperties) = preSolution
		HideSolutionNode = FALSE
	EndGlobalSection
	GlobalSection(ExtensibilityGlobals) = postSolution
		SolutionGuid = {BA502D65-2115-4B2E-B677-36D9CDD31325}
	EndGlobalSection
EndGlobal
